
Microsoft Visual Studio Solution File, Format Version 12.00
# Visual Studio 15
Project("{FAE04EC0-301F-11D3-BF4B-00C04F79EFBC}") = "BiggerLab_YCY", "BiggerLab_YCY.csproj", "{F31621BC-4CB0-A68B-0432-1AF351134236}"
EndProject
Global
	GlobalSection(SolutionConfigurationPlatforms) = preSolution
		Debug|Any CPU = Debug|Any CPU
		Release|Any CPU = Release|Any CPU
	EndGlobalSection
	GlobalSection(ProjectConfigurationPlatforms) = postSolution
		{F31621BC-4CB0-A68B-0432-1AF351134236}.Debug|Any CPU.ActiveCfg = Debug|Any CPU
		{F31621BC-4CB0-A68B-0432-1AF351134236}.Debug|Any CPU.Build.0 = Debug|Any CPU
		{F31621BC-4CB0-A68B-0432-1AF351134236}.Release|Any CPU.ActiveCfg = Release|Any CPU
		{F31621BC-4CB0-A68B-0432-1AF351134236}.Release|Any CPU.Build.0 = Release|Any CPU
	EndGlobalSection
	GlobalSection(SolutionProperties) = preSolution
		HideSolutionNode = FALSE
	EndGlobalSection
EndGlobal
